// !$*UTF8*$!
{
	archiveVersion = 1;
	classes = {
	};
	objectVersion = 50;
	objects = {

/* Begin PBXBuildFile section */
		B5921FD82306010F00A5703C /* AnswerCell.swift in Sources */ = {isa = PBXBuildFile; fileRef = B5921FD72306010F00A5703C /* AnswerCell.swift */; };
		B5C3AF4023028DF90079B285 /* AppDelegate.swift in Sources */ = {isa = PBXBuildFile; fileRef = B5C3AF3F23028DF90079B285 /* AppDelegate.swift */; };
		B5C3AF4223028DF90079B285 /* StartController.swift in Sources */ = {isa = PBXBuildFile; fileRef = B5C3AF4123028DF90079B285 /* StartController.swift */; };
		B5C3AF4523028DF90079B285 /* Main.storyboard in Resources */ = {isa = PBXBuildFile; fileRef = B5C3AF4323028DF90079B285 /* Main.storyboard */; };
		B5C3AF4723028DFB0079B285 /* Assets.xcassets in Resources */ = {isa = PBXBuildFile; fileRef = B5C3AF4623028DFB0079B285 /* Assets.xcassets */; };
		B5C3AF4A23028DFB0079B285 /* LaunchScreen.storyboard in Resources */ = {isa = PBXBuildFile; fileRef = B5C3AF4823028DFB0079B285 /* LaunchScreen.storyboard */; };
		B5C3AF5C2302B0290079B285 /* BaseViewController.swift in Sources */ = {isa = PBXBuildFile; fileRef = B5C3AF5B2302B0290079B285 /* BaseViewController.swift */; };
		B5C3AF5E2302B02F0079B285 /* UIView.swift in Sources */ = {isa = PBXBuildFile; fileRef = B5C3AF5D2302B02F0079B285 /* UIView.swift */; };
		B5E3D9E52302B5EB0036038B /* SettingsController.swift in Sources */ = {isa = PBXBuildFile; fileRef = B5E3D9E42302B5EB0036038B /* SettingsController.swift */; };
		B5EADD362306B25B00E987C6 /* AnswerServices.swift in Sources */ = {isa = PBXBuildFile; fileRef = B5EADD352306B25B00E987C6 /* AnswerServices.swift */; };
		B5EADD382306B28800E987C6 /* Base.swift in Sources */ = {isa = PBXBuildFile; fileRef = B5EADD372306B28800E987C6 /* Base.swift */; };
		B5EADD3C2306B6AD00E987C6 /* AnswerModel.swift in Sources */ = {isa = PBXBuildFile; fileRef = B5EADD3B2306B6AD00E987C6 /* AnswerModel.swift */; };
		B5EADD3E2306E58700E987C6 /* AnswerEnableCell.swift in Sources */ = {isa = PBXBuildFile; fileRef = B5EADD3D2306E58700E987C6 /* AnswerEnableCell.swift */; };
		B5EADD402306E65300E987C6 /* UITableViewCell.swift in Sources */ = {isa = PBXBuildFile; fileRef = B5EADD3F2306E65300E987C6 /* UITableViewCell.swift */; };
		B5EADD432306E7AA00E987C6 /* UserDefault.swift in Sources */ = {isa = PBXBuildFile; fileRef = B5EADD422306E7AA00E987C6 /* UserDefault.swift */; };
		B5EADD462306ED4700E987C6 /* LocalAnswers.xcdatamodeld in Sources */ = {isa = PBXBuildFile; fileRef = B5EADD442306ED4700E987C6 /* LocalAnswers.xcdatamodeld */; };
		B5EADD492306EDC300E987C6 /* AnswersManager.swift in Sources */ = {isa = PBXBuildFile; fileRef = B5EADD482306EDC300E987C6 /* AnswersManager.swift */; };
		B5EADD4C2306F2B400E987C6 /* Answer+CoreDataClass.swift in Sources */ = {isa = PBXBuildFile; fileRef = B5EADD4A2306F2B400E987C6 /* Answer+CoreDataClass.swift */; };
		B5EADD4D2306F2B400E987C6 /* Answer+CoreDataProperties.swift in Sources */ = {isa = PBXBuildFile; fileRef = B5EADD4B2306F2B400E987C6 /* Answer+CoreDataProperties.swift */; };
/* End PBXBuildFile section */

/* Begin PBXFileReference section */
		B5921FD72306010F00A5703C /* AnswerCell.swift */ = {isa = PBXFileReference; lastKnownFileType = sourcecode.swift; path = AnswerCell.swift; sourceTree = "<group>"; };
		B5C3AF3C23028DF90079B285 /* MagicBall.app */ = {isa = PBXFileReference; explicitFileType = wrapper.application; includeInIndex = 0; path = MagicBall.app; sourceTree = BUILT_PRODUCTS_DIR; };
		B5C3AF3F23028DF90079B285 /* AppDelegate.swift */ = {isa = PBXFileReference; lastKnownFileType = sourcecode.swift; path = AppDelegate.swift; sourceTree = "<group>"; };
		B5C3AF4123028DF90079B285 /* StartController.swift */ = {isa = PBXFileReference; lastKnownFileType = sourcecode.swift; path = StartController.swift; sourceTree = "<group>"; };
		B5C3AF4423028DF90079B285 /* Base */ = {isa = PBXFileReference; lastKnownFileType = file.storyboard; name = Base; path = Base.lproj/Main.storyboard; sourceTree = "<group>"; };
		B5C3AF4623028DFB0079B285 /* Assets.xcassets */ = {isa = PBXFileReference; lastKnownFileType = folder.assetcatalog; path = Assets.xcassets; sourceTree = "<group>"; };
		B5C3AF4923028DFB0079B285 /* Base */ = {isa = PBXFileReference; lastKnownFileType = file.storyboard; name = Base; path = Base.lproj/LaunchScreen.storyboard; sourceTree = "<group>"; };
		B5C3AF4B23028DFB0079B285 /* Info.plist */ = {isa = PBXFileReference; lastKnownFileType = text.plist.xml; path = Info.plist; sourceTree = "<group>"; };
		B5C3AF5B2302B0290079B285 /* BaseViewController.swift */ = {isa = PBXFileReference; fileEncoding = 4; lastKnownFileType = sourcecode.swift; path = BaseViewController.swift; sourceTree = "<group>"; };
		B5C3AF5D2302B02F0079B285 /* UIView.swift */ = {isa = PBXFileReference; fileEncoding = 4; lastKnownFileType = sourcecode.swift; path = UIView.swift; sourceTree = "<group>"; };
		B5E3D9E42302B5EB0036038B /* SettingsController.swift */ = {isa = PBXFileReference; lastKnownFileType = sourcecode.swift; path = SettingsController.swift; sourceTree = "<group>"; };
		B5EADD352306B25B00E987C6 /* AnswerServices.swift */ = {isa = PBXFileReference; lastKnownFileType = sourcecode.swift; path = AnswerServices.swift; sourceTree = "<group>"; };
		B5EADD372306B28800E987C6 /* Base.swift */ = {isa = PBXFileReference; lastKnownFileType = sourcecode.swift; path = Base.swift; sourceTree = "<group>"; };
		B5EADD3B2306B6AD00E987C6 /* AnswerModel.swift */ = {isa = PBXFileReference; lastKnownFileType = sourcecode.swift; path = AnswerModel.swift; sourceTree = "<group>"; };
		B5EADD3D2306E58700E987C6 /* AnswerEnableCell.swift */ = {isa = PBXFileReference; lastKnownFileType = sourcecode.swift; path = AnswerEnableCell.swift; sourceTree = "<group>"; };
		B5EADD3F2306E65300E987C6 /* UITableViewCell.swift */ = {isa = PBXFileReference; lastKnownFileType = sourcecode.swift; path = UITableViewCell.swift; sourceTree = "<group>"; };
		B5EADD422306E7AA00E987C6 /* UserDefault.swift */ = {isa = PBXFileReference; lastKnownFileType = sourcecode.swift; path = UserDefault.swift; sourceTree = "<group>"; };
		B5EADD452306ED4700E987C6 /* LocalAnswers.xcdatamodel */ = {isa = PBXFileReference; lastKnownFileType = wrapper.xcdatamodel; path = LocalAnswers.xcdatamodel; sourceTree = "<group>"; };
		B5EADD482306EDC300E987C6 /* AnswersManager.swift */ = {isa = PBXFileReference; lastKnownFileType = sourcecode.swift; path = AnswersManager.swift; sourceTree = "<group>"; };
		B5EADD4A2306F2B400E987C6 /* Answer+CoreDataClass.swift */ = {isa = PBXFileReference; lastKnownFileType = sourcecode.swift; path = "Answer+CoreDataClass.swift"; sourceTree = "<group>"; };
		B5EADD4B2306F2B400E987C6 /* Answer+CoreDataProperties.swift */ = {isa = PBXFileReference; lastKnownFileType = sourcecode.swift; path = "Answer+CoreDataProperties.swift"; sourceTree = "<group>"; };
/* End PBXFileReference section */

/* Begin PBXFrameworksBuildPhase section */
		B5C3AF3923028DF90079B285 /* Frameworks */ = {
			isa = PBXFrameworksBuildPhase;
			buildActionMask = 2147483647;
			files = (
			);
			runOnlyForDeploymentPostprocessing = 0;
		};
/* End PBXFrameworksBuildPhase section */

/* Begin PBXGroup section */
		B5921FD6230600FA00A5703C /* Cell */ = {
			isa = PBXGroup;
			children = (
				B5921FD72306010F00A5703C /* AnswerCell.swift */,
				B5EADD3D2306E58700E987C6 /* AnswerEnableCell.swift */,
			);
			path = Cell;
			sourceTree = "<group>";
		};
		B5C3AF3323028DF90079B285 = {
			isa = PBXGroup;
			children = (
				B5C3AF3E23028DF90079B285 /* MagicBall */,
				B5C3AF3D23028DF90079B285 /* Products */,
			);
			sourceTree = "<group>";
		};
		B5C3AF3D23028DF90079B285 /* Products */ = {
			isa = PBXGroup;
			children = (
				B5C3AF3C23028DF90079B285 /* MagicBall.app */,
			);
			name = Products;
			sourceTree = "<group>";
		};
		B5C3AF3E23028DF90079B285 /* MagicBall */ = {
			isa = PBXGroup;
			children = (
				B5C3AF53230293840079B285 /* Sources */,
				B5C3AF522302937C0079B285 /* Resources */,
				B5C3AF512302936D0079B285 /* Common */,
			);
			path = MagicBall;
			sourceTree = "<group>";
		};
		B5C3AF512302936D0079B285 /* Common */ = {
			isa = PBXGroup;
			children = (
				B5C3AF5A2302B0150079B285 /* Extension */,
				B5C3AF592302B00C0079B285 /* BaseController */,
			);
			path = Common;
			sourceTree = "<group>";
		};
		B5C3AF522302937C0079B285 /* Resources */ = {
			isa = PBXGroup;
			children = (
				B5C3AF4623028DFB0079B285 /* Assets.xcassets */,
				B5C3AF4823028DFB0079B285 /* LaunchScreen.storyboard */,
				B5C3AF4B23028DFB0079B285 /* Info.plist */,
				B5EADD442306ED4700E987C6 /* LocalAnswers.xcdatamodeld */,
			);
			path = Resources;
			sourceTree = "<group>";
		};
		B5C3AF53230293840079B285 /* Sources */ = {
			isa = PBXGroup;
			children = (
				B5EADD342306B22800E987C6 /* Services */,
				B5C3AF56230293AF0079B285 /* Model */,
				B5C3AF55230293AA0079B285 /* View */,
				B5C3AF542302939E0079B285 /* Controller */,
			);
			path = Sources;
			sourceTree = "<group>";
		};
		B5C3AF542302939E0079B285 /* Controller */ = {
			isa = PBXGroup;
			children = (
				B5921FD6230600FA00A5703C /* Cell */,
				B5C3AF4123028DF90079B285 /* StartController.swift */,
				B5E3D9E42302B5EB0036038B /* SettingsController.swift */,
				B5C3AF3F23028DF90079B285 /* AppDelegate.swift */,
			);
			path = Controller;
			sourceTree = "<group>";
		};
		B5C3AF55230293AA0079B285 /* View */ = {
			isa = PBXGroup;
			children = (
				B5C3AF4323028DF90079B285 /* Main.storyboard */,
			);
			path = View;
			sourceTree = "<group>";
		};
		B5C3AF56230293AF0079B285 /* Model */ = {
			isa = PBXGroup;
			children = (
				B5EADD3B2306B6AD00E987C6 /* AnswerModel.swift */,
			);
			path = Model;
			sourceTree = "<group>";
		};
		B5C3AF592302B00C0079B285 /* BaseController */ = {
			isa = PBXGroup;
			children = (
				B5C3AF5B2302B0290079B285 /* BaseViewController.swift */,
			);
			path = BaseController;
			sourceTree = "<group>";
		};
		B5C3AF5A2302B0150079B285 /* Extension */ = {
			isa = PBXGroup;
			children = (
				B5C3AF5D2302B02F0079B285 /* UIView.swift */,
				B5EADD3F2306E65300E987C6 /* UITableViewCell.swift */,
			);
			path = Extension;
			sourceTree = "<group>";
		};
		B5EADD342306B22800E987C6 /* Services */ = {
			isa = PBXGroup;
			children = (
				B5EADD472306EDA300E987C6 /* AnswerManager */,
				B5EADD412306E79200E987C6 /* Settings */,
				B5EADD3A2306B4F100E987C6 /* API */,
				B5EADD372306B28800E987C6 /* Base.swift */,
			);
			path = Services;
			sourceTree = "<group>";
		};
		B5EADD3A2306B4F100E987C6 /* API */ = {
			isa = PBXGroup;
			children = (
				B5EADD352306B25B00E987C6 /* AnswerServices.swift */,
			);
			path = API;
			sourceTree = "<group>";
		};
		B5EADD412306E79200E987C6 /* Settings */ = {
			isa = PBXGroup;
			children = (
				B5EADD422306E7AA00E987C6 /* UserDefault.swift */,
			);
			path = Settings;
			sourceTree = "<group>";
		};
		B5EADD472306EDA300E987C6 /* AnswerManager */ = {
			isa = PBXGroup;
			children = (
				B5EADD4A2306F2B400E987C6 /* Answer+CoreDataClass.swift */,
				B5EADD4B2306F2B400E987C6 /* Answer+CoreDataProperties.swift */,
				B5EADD482306EDC300E987C6 /* AnswersManager.swift */,
			);
			path = AnswerManager;
			sourceTree = "<group>";
		};
/* End PBXGroup section */

/* Begin PBXNativeTarget section */
		B5C3AF3B23028DF90079B285 /* MagicBall */ = {
			isa = PBXNativeTarget;
			buildConfigurationList = B5C3AF4E23028DFB0079B285 /* Build configuration list for PBXNativeTarget "MagicBall" */;
			buildPhases = (
				B5C3AF3823028DF90079B285 /* Sources */,
				B5C3AF3923028DF90079B285 /* Frameworks */,
				B5C3AF3A23028DF90079B285 /* Resources */,
			);
			buildRules = (
			);
			dependencies = (
			);
			name = MagicBall;
			productName = MagicBall;
			productReference = B5C3AF3C23028DF90079B285 /* MagicBall.app */;
			productType = "com.apple.product-type.application";
		};
/* End PBXNativeTarget section */

/* Begin PBXProject section */
		B5C3AF3423028DF90079B285 /* Project object */ = {
			isa = PBXProject;
			attributes = {
				LastSwiftUpdateCheck = 1020;
				LastUpgradeCheck = 1020;
				ORGANIZATIONNAME = "Konstantin Igorevich";
				TargetAttributes = {
					B5C3AF3B23028DF90079B285 = {
						CreatedOnToolsVersion = 10.2.1;
					};
				};
			};
			buildConfigurationList = B5C3AF3723028DF90079B285 /* Build configuration list for PBXProject "MagicBall" */;
			compatibilityVersion = "Xcode 9.3";
			developmentRegion = en;
			hasScannedForEncodings = 0;
			knownRegions = (
				en,
				Base,
			);
			mainGroup = B5C3AF3323028DF90079B285;
			productRefGroup = B5C3AF3D23028DF90079B285 /* Products */;
			projectDirPath = "";
			projectRoot = "";
			targets = (
				B5C3AF3B23028DF90079B285 /* MagicBall */,
			);
		};
/* End PBXProject section */

/* Begin PBXResourcesBuildPhase section */
		B5C3AF3A23028DF90079B285 /* Resources */ = {
			isa = PBXResourcesBuildPhase;
			buildActionMask = 2147483647;
			files = (
				B5C3AF4A23028DFB0079B285 /* LaunchScreen.storyboard in Resources */,
				B5C3AF4723028DFB0079B285 /* Assets.xcassets in Resources */,
				B5C3AF4523028DF90079B285 /* Main.storyboard in Resources */,
			);
			runOnlyForDeploymentPostprocessing = 0;
		};
/* End PBXResourcesBuildPhase section */

/* Begin PBXSourcesBuildPhase section */
		B5C3AF3823028DF90079B285 /* Sources */ = {
			isa = PBXSourcesBuildPhase;
			buildActionMask = 2147483647;
			files = (
				B5E3D9E52302B5EB0036038B /* SettingsController.swift in Sources */,
				B5EADD462306ED4700E987C6 /* LocalAnswers.xcdatamodeld in Sources */,
				B5C3AF5E2302B02F0079B285 /* UIView.swift in Sources */,
				B5EADD4C2306F2B400E987C6 /* Answer+CoreDataClass.swift in Sources */,
				B5C3AF4223028DF90079B285 /* StartController.swift in Sources */,
				B5EADD4D2306F2B400E987C6 /* Answer+CoreDataProperties.swift in Sources */,
				B5EADD3C2306B6AD00E987C6 /* AnswerModel.swift in Sources */,
				B5EADD492306EDC300E987C6 /* AnswersManager.swift in Sources */,
				B5921FD82306010F00A5703C /* AnswerCell.swift in Sources */,
				B5EADD402306E65300E987C6 /* UITableViewCell.swift in Sources */,
				B5EADD362306B25B00E987C6 /* AnswerServices.swift in Sources */,
				B5C3AF5C2302B0290079B285 /* BaseViewController.swift in Sources */,
				B5EADD432306E7AA00E987C6 /* UserDefault.swift in Sources */,
				B5EADD382306B28800E987C6 /* Base.swift in Sources */,
				B5EADD3E2306E58700E987C6 /* AnswerEnableCell.swift in Sources */,
				B5C3AF4023028DF90079B285 /* AppDelegate.swift in Sources */,
			);
			runOnlyForDeploymentPostprocessing = 0;
		};
/* End PBXSourcesBuildPhase section */

/* Begin PBXVariantGroup section */
		B5C3AF4323028DF90079B285 /* Main.storyboard */ = {
			isa = PBXVariantGroup;
			children = (
				B5C3AF4423028DF90079B285 /* Base */,
			);
			name = Main.storyboard;
			sourceTree = "<group>";
		};
		B5C3AF4823028DFB0079B285 /* LaunchScreen.storyboard */ = {
			isa = PBXVariantGroup;
			children = (
				B5C3AF4923028DFB0079B285 /* Base */,
			);
			name = LaunchScreen.storyboard;
			sourceTree = "<group>";
		};
/* End PBXVariantGroup section */

/* Begin XCBuildConfiguration section */
		B5C3AF4C23028DFB0079B285 /* Debug */ = {
			isa = XCBuildConfiguration;
			buildSettings = {
				ALWAYS_SEARCH_USER_PATHS = NO;
				CLANG_ANALYZER_NONNULL = YES;
				CLANG_ANALYZER_NUMBER_OBJECT_CONVERSION = YES_AGGRESSIVE;
				CLANG_CXX_LANGUAGE_STANDARD = "gnu++14";
				CLANG_CXX_LIBRARY = "libc++";
				CLANG_ENABLE_MODULES = YES;
				CLANG_ENABLE_OBJC_ARC = YES;
				CLANG_ENABLE_OBJC_WEAK = YES;
				CLANG_WARN_BLOCK_CAPTURE_AUTORELEASING = YES;
				CLANG_WARN_BOOL_CONVERSION = YES;
				CLANG_WARN_COMMA = YES;
				CLANG_WARN_CONSTANT_CONVERSION = YES;
				CLANG_WARN_DEPRECATED_OBJC_IMPLEMENTATIONS = YES;
				CLANG_WARN_DIRECT_OBJC_ISA_USAGE = YES_ERROR;
				CLANG_WARN_DOCUMENTATION_COMMENTS = YES;
				CLANG_WARN_EMPTY_BODY = YES;
				CLANG_WARN_ENUM_CONVERSION = YES;
				CLANG_WARN_INFINITE_RECURSION = YES;
				CLANG_WARN_INT_CONVERSION = YES;
				CLANG_WARN_NON_LITERAL_NULL_CONVERSION = YES;
				CLANG_WARN_OBJC_IMPLICIT_RETAIN_SELF = YES;
				CLANG_WARN_OBJC_LITERAL_CONVERSION = YES;
				CLANG_WARN_OBJC_ROOT_CLASS = YES_ERROR;
				CLANG_WARN_RANGE_LOOP_ANALYSIS = YES;
				CLANG_WARN_STRICT_PROTOTYPES = YES;
				CLANG_WARN_SUSPICIOUS_MOVE = YES;
				CLANG_WARN_UNGUARDED_AVAILABILITY = YES_AGGRESSIVE;
				CLANG_WARN_UNREACHABLE_CODE = YES;
				CLANG_WARN__DUPLICATE_METHOD_MATCH = YES;
				CODE_SIGN_IDENTITY = "iPhone Developer";
				COPY_PHASE_STRIP = NO;
				DEBUG_INFORMATION_FORMAT = dwarf;
				ENABLE_STRICT_OBJC_MSGSEND = YES;
				ENABLE_TESTABILITY = YES;
				GCC_C_LANGUAGE_STANDARD = gnu11;
				GCC_DYNAMIC_NO_PIC = NO;
				GCC_NO_COMMON_BLOCKS = YES;
				GCC_OPTIMIZATION_LEVEL = 0;
				GCC_PREPROCESSOR_DEFINITIONS = (
					"DEBUG=1",
					"$(inherited)",
				);
				GCC_WARN_64_TO_32_BIT_CONVERSION = YES;
				GCC_WARN_ABOUT_RETURN_TYPE = YES_ERROR;
				GCC_WARN_UNDECLARED_SELECTOR = YES;
				GCC_WARN_UNINITIALIZED_AUTOS = YES_AGGRESSIVE;
				GCC_WARN_UNUSED_FUNCTION = YES;
				GCC_WARN_UNUSED_VARIABLE = YES;
				IPHONEOS_DEPLOYMENT_TARGET = 12.2;
				MTL_ENABLE_DEBUG_INFO = INCLUDE_SOURCE;
				MTL_FAST_MATH = YES;
				ONLY_ACTIVE_ARCH = YES;
				SDKROOT = iphoneos;
				SWIFT_ACTIVE_COMPILATION_CONDITIONS = DEBUG;
				SWIFT_OPTIMIZATION_LEVEL = "-Onone";
			};
			name = Debug;
		};
		B5C3AF4D23028DFB0079B285 /* Release */ = {
			isa = XCBuildConfiguration;
			buildSettings = {
				ALWAYS_SEARCH_USER_PATHS = NO;
				CLANG_ANALYZER_NONNULL = YES;
				CLANG_ANALYZER_NUMBER_OBJECT_CONVERSION = YES_AGGRESSIVE;
				CLANG_CXX_LANGUAGE_STANDARD = "gnu++14";
				CLANG_CXX_LIBRARY = "libc++";
				CLANG_ENABLE_MODULES = YES;
				CLANG_ENABLE_OBJC_ARC = YES;
				CLANG_ENABLE_OBJC_WEAK = YES;
				CLANG_WARN_BLOCK_CAPTURE_AUTORELEASING = YES;
				CLANG_WARN_BOOL_CONVERSION = YES;
				CLANG_WARN_COMMA = YES;
				CLANG_WARN_CONSTANT_CONVERSION = YES;
				CLANG_WARN_DEPRECATED_OBJC_IMPLEMENTATIONS = YES;
				CLANG_WARN_DIRECT_OBJC_ISA_USAGE = YES_ERROR;
				CLANG_WARN_DOCUMENTATION_COMMENTS = YES;
				CLANG_WARN_EMPTY_BODY = YES;
				CLANG_WARN_ENUM_CONVERSION = YES;
				CLANG_WARN_INFINITE_RECURSION = YES;
				CLANG_WARN_INT_CONVERSION = YES;
				CLANG_WARN_NON_LITERAL_NULL_CONVERSION = YES;
				CLANG_WARN_OBJC_IMPLICIT_RETAIN_SELF = YES;
				CLANG_WARN_OBJC_LITERAL_CONVERSION = YES;
				CLANG_WARN_OBJC_ROOT_CLASS = YES_ERROR;
				CLANG_WARN_RANGE_LOOP_ANALYSIS = YES;
				CLANG_WARN_STRICT_PROTOTYPES = YES;
				CLANG_WARN_SUSPICIOUS_MOVE = YES;
				CLANG_WARN_UNGUARDED_AVAILABILITY = YES_AGGRESSIVE;
				CLANG_WARN_UNREACHABLE_CODE = YES;
				CLANG_WARN__DUPLICATE_METHOD_MATCH = YES;
				CODE_SIGN_IDENTITY = "iPhone Developer";
				COPY_PHASE_STRIP = NO;
				DEBUG_INFORMATION_FORMAT = "dwarf-with-dsym";
				ENABLE_NS_ASSERTIONS = NO;
				ENABLE_STRICT_OBJC_MSGSEND = YES;
				GCC_C_LANGUAGE_STANDARD = gnu11;
				GCC_NO_COMMON_BLOCKS = YES;
				GCC_WARN_64_TO_32_BIT_CONVERSION = YES;
				GCC_WARN_ABOUT_RETURN_TYPE = YES_ERROR;
				GCC_WARN_UNDECLARED_SELECTOR = YES;
				GCC_WARN_UNINITIALIZED_AUTOS = YES_AGGRESSIVE;
				GCC_WARN_UNUSED_FUNCTION = YES;
				GCC_WARN_UNUSED_VARIABLE = YES;
				IPHONEOS_DEPLOYMENT_TARGET = 12.2;
				MTL_ENABLE_DEBUG_INFO = NO;
				MTL_FAST_MATH = YES;
				SDKROOT = iphoneos;
				SWIFT_COMPILATION_MODE = wholemodule;
				SWIFT_OPTIMIZATION_LEVEL = "-O";
				VALIDATE_PRODUCT = YES;
			};
			name = Release;
		};
		B5C3AF4F23028DFB0079B285 /* Debug */ = {
			isa = XCBuildConfiguration;
			buildSettings = {
				ASSETCATALOG_COMPILER_APPICON_NAME = AppIcon;
				CODE_SIGN_STYLE = Automatic;
				DEVELOPMENT_TEAM = UKD7NGH89Y;
				INFOPLIST_FILE = "$(SRCROOT)/MagicBall/Resources/Info.plist";
				LD_RUNPATH_SEARCH_PATHS = (
					"$(inherited)",
					"@executable_path/Frameworks",
				);
				PRODUCT_BUNDLE_IDENTIFIER = com.app.MagicBall;
				PRODUCT_NAME = "$(TARGET_NAME)";
				SWIFT_VERSION = 5.0;
				TARGETED_DEVICE_FAMILY = "1,2";
			};
			name = Debug;
		};
		B5C3AF5023028DFB0079B285 /* Release */ = {
			isa = XCBuildConfiguration;
			buildSettings = {
				ASSETCATALOG_COMPILER_APPICON_NAME = AppIcon;
				CODE_SIGN_STYLE = Automatic;
				DEVELOPMENT_TEAM = UKD7NGH89Y;
				INFOPLIST_FILE = "$(SRCROOT)/MagicBall/Resources/Info.plist";
				LD_RUNPATH_SEARCH_PATHS = (
					"$(inherited)",
					"@executable_path/Frameworks",
				);
				PRODUCT_BUNDLE_IDENTIFIER = com.app.MagicBall;
				PRODUCT_NAME = "$(TARGET_NAME)";
				SWIFT_VERSION = 5.0;
				TARGETED_DEVICE_FAMILY = "1,2";
			};
			name = Release;
		};
/* End XCBuildConfiguration section */

/* Begin XCConfigurationList section */
		B5C3AF3723028DF90079B285 /* Build configuration list for PBXProject "MagicBall" */ = {
			isa = XCConfigurationList;
			buildConfigurations = (
				B5C3AF4C23028DFB0079B285 /* Debug */,
				B5C3AF4D23028DFB0079B285 /* Release */,
			);
			defaultConfigurationIsVisible = 0;
			defaultConfigurationName = Release;
		};
		B5C3AF4E23028DFB0079B285 /* Build configuration list for PBXNativeTarget "MagicBall" */ = {
			isa = XCConfigurationList;
			buildConfigurations = (
				B5C3AF4F23028DFB0079B285 /* Debug */,
				B5C3AF5023028DFB0079B285 /* Release */,
			);
			defaultConfigurationIsVisible = 0;
			defaultConfigurationName = Release;
		};
/* End XCConfigurationList section */

/* Begin XCVersionGroup section */
		B5EADD442306ED4700E987C6 /* LocalAnswers.xcdatamodeld */ = {
			isa = XCVersionGroup;
			children = (
				B5EADD452306ED4700E987C6 /* LocalAnswers.xcdatamodel */,
			);
			currentVersion = B5EADD452306ED4700E987C6 /* LocalAnswers.xcdatamodel */;
			path = LocalAnswers.xcdatamodeld;
			sourceTree = "<group>";
			versionGroupType = wrapper.xcdatamodel;
		};
/* End XCVersionGroup section */
	};
	rootObject = B5C3AF3423028DF90079B285 /* Project object */;
}
